
Microsoft Visual Studio Solution File, Format Version 12.00
# Visual Studio Version 16
VisualStudioVersion = 16.0.29403.142
MinimumVisualStudioVersion = 10.0.40219.1
Project("{FAE04EC0-301F-11D3-BF4B-00C04F79EFBC}") = "SomeSample", "SomeSample\SomeSample.csproj", "{90088CC0-4A4A-498F-AD35-3AFD9C0C247D}"
EndProject
Global
	GlobalSection(SolutionConfigurationPlatforms) = preSolution
		Debug|Any CPU = Debug|Any CPU
		Release|Any CPU = Release|Any CPU
	EndGlobalSection
	GlobalSection(ProjectConfigurationPlatforms) = postSolution
		{90088CC0-4A4A-498F-AD35-3AFD9C0C247D}.Debug|Any CPU.ActiveCfg = Debug|Any CPU
		{90088CC0-4A4A-498F-AD35-3AFD9C0C247D}.Debug|Any CPU.Build.0 = Debug|Any CPU
		{90088CC0-4A4A-498F-AD35-3AFD9C0C247D}.Release|Any CPU.ActiveCfg = Release|Any CPU
		{90088CC0-4A4A-498F-AD35-3AFD9C0C247D}.Release|Any CPU.Build.0 = Release|Any CPU
	EndGlobalSection
	GlobalSection(SolutionProperties) = preSolution
		HideSolutionNode = FALSE
	EndGlobalSection
	GlobalSection(ExtensibilityGlobals) = postSolution
		SolutionGuid = {4B52439A-972F-4C88-985F-349058E0B86A}
	EndGlobalSection
EndGlobal
